// !$*UTF8*$!
{
	archiveVersion = 1;
	classes = {
	};
	objectVersion = 50;
	objects = {

/* Begin PBXBuildFile section */
		173F31682501D9AE00F26AE8 /* AppDelegate.swift in Sources */ = {isa = PBXBuildFile; fileRef = 173F31672501D9AE00F26AE8 /* AppDelegate.swift */; };
		173F316A2501D9AE00F26AE8 /* SceneDelegate.swift in Sources */ = {isa = PBXBuildFile; fileRef = 173F31692501D9AE00F26AE8 /* SceneDelegate.swift */; };
		173F316C2501D9AE00F26AE8 /* ViewController.swift in Sources */ = {isa = PBXBuildFile; fileRef = 173F316B2501D9AE00F26AE8 /* ViewController.swift */; };
		173F316F2501D9AE00F26AE8 /* Main.storyboard in Resources */ = {isa = PBXBuildFile; fileRef = 173F316D2501D9AE00F26AE8 /* Main.storyboard */; };
		173F31712501D9B000F26AE8 /* Assets.xcassets in Resources */ = {isa = PBXBuildFile; fileRef = 173F31702501D9B000F26AE8 /* Assets.xcassets */; };
		173F31742501D9B000F26AE8 /* LaunchScreen.storyboard in Resources */ = {isa = PBXBuildFile; fileRef = 173F31722501D9B000F26AE8 /* LaunchScreen.storyboard */; };
		173F317F2501D9B000F26AE8 /* BeelineChellengeTests.swift in Sources */ = {isa = PBXBuildFile; fileRef = 173F317E2501D9B000F26AE8 /* BeelineChellengeTests.swift */; };
/* End PBXBuildFile section */

/* Begin PBXContainerItemProxy section */
		173F317B2501D9B000F26AE8 /* PBXContainerItemProxy */ = {
			isa = PBXContainerItemProxy;
			containerPortal = 173F315C2501D9AE00F26AE8 /* Project object */;
			proxyType = 1;
			remoteGlobalIDString = 173F31632501D9AE00F26AE8;
			remoteInfo = BeelineChellenge;
		};
/* End PBXContainerItemProxy section */

/* Begin PBXFileReference section */
		173F31642501D9AE00F26AE8 /* BeelineChellenge.app */ = {isa = PBXFileReference; explicitFileType = wrapper.application; includeInIndex = 0; path = BeelineChellenge.app; sourceTree = BUILT_PRODUCTS_DIR; };
		173F31672501D9AE00F26AE8 /* AppDelegate.swift */ = {isa = PBXFileReference; lastKnownFileType = sourcecode.swift; path = AppDelegate.swift; sourceTree = "<group>"; };
		173F31692501D9AE00F26AE8 /* SceneDelegate.swift */ = {isa = PBXFileReference; lastKnownFileType = sourcecode.swift; path = SceneDelegate.swift; sourceTree = "<group>"; };
		173F316B2501D9AE00F26AE8 /* ViewController.swift */ = {isa = PBXFileReference; lastKnownFileType = sourcecode.swift; path = ViewController.swift; sourceTree = "<group>"; };
		173F316E2501D9AE00F26AE8 /* Base */ = {isa = PBXFileReference; lastKnownFileType = file.storyboard; name = Base; path = Base.lproj/Main.storyboard; sourceTree = "<group>"; };
		173F31702501D9B000F26AE8 /* Assets.xcassets */ = {isa = PBXFileReference; lastKnownFileType = folder.assetcatalog; path = Assets.xcassets; sourceTree = "<group>"; };
		173F31732501D9B000F26AE8 /* Base */ = {isa = PBXFileReference; lastKnownFileType = file.storyboard; name = Base; path = Base.lproj/LaunchScreen.storyboard; sourceTree = "<group>"; };
		173F31752501D9B000F26AE8 /* Info.plist */ = {isa = PBXFileReference; lastKnownFileType = text.plist.xml; path = Info.plist; sourceTree = "<group>"; };
		173F317A2501D9B000F26AE8 /* BeelineChellengeTests.xctest */ = {isa = PBXFileReference; explicitFileType = wrapper.cfbundle; includeInIndex = 0; path = BeelineChellengeTests.xctest; sourceTree = BUILT_PRODUCTS_DIR; };
		173F317E2501D9B000F26AE8 /* BeelineChellengeTests.swift */ = {isa = PBXFileReference; lastKnownFileType = sourcecode.swift; path = BeelineChellengeTests.swift; sourceTree = "<group>"; };
		173F31802501D9B000F26AE8 /* Info.plist */ = {isa = PBXFileReference; lastKnownFileType = text.plist.xml; path = Info.plist; sourceTree = "<group>"; };
/* End PBXFileReference section */

/* Begin PBXFrameworksBuildPhase section */
		173F31612501D9AE00F26AE8 /* Frameworks */ = {
			isa = PBXFrameworksBuildPhase;
			buildActionMask = 2147483647;
			files = (
			);
			runOnlyForDeploymentPostprocessing = 0;
		};
		173F31772501D9B000F26AE8 /* Frameworks */ = {
			isa = PBXFrameworksBuildPhase;
			buildActionMask = 2147483647;
			files = (
			);
			runOnlyForDeploymentPostprocessing = 0;
		};
/* End PBXFrameworksBuildPhase section */

/* Begin PBXGroup section */
		173F315B2501D9AE00F26AE8 = {
			isa = PBXGroup;
			children = (
				173F31662501D9AE00F26AE8 /* BeelineChellenge */,
				173F317D2501D9B000F26AE8 /* BeelineChellengeTests */,
				173F31652501D9AE00F26AE8 /* Products */,
			);
			sourceTree = "<group>";
		};
		173F31652501D9AE00F26AE8 /* Products */ = {
			isa = PBXGroup;
			children = (
				173F31642501D9AE00F26AE8 /* BeelineChellenge.app */,
				173F317A2501D9B000F26AE8 /* BeelineChellengeTests.xctest */,
			);
			name = Products;
			sourceTree = "<group>";
		};
		173F31662501D9AE00F26AE8 /* BeelineChellenge */ = {
			isa = PBXGroup;
			children = (
				173F31672501D9AE00F26AE8 /* AppDelegate.swift */,
				173F31692501D9AE00F26AE8 /* SceneDelegate.swift */,
				173F316B2501D9AE00F26AE8 /* ViewController.swift */,
				173F316D2501D9AE00F26AE8 /* Main.storyboard */,
				173F31702501D9B000F26AE8 /* Assets.xcassets */,
				173F31722501D9B000F26AE8 /* LaunchScreen.storyboard */,
				173F31752501D9B000F26AE8 /* Info.plist */,
			);
			path = BeelineChellenge;
			sourceTree = "<group>";
		};
		173F317D2501D9B000F26AE8 /* BeelineChellengeTests */ = {
			isa = PBXGroup;
			children = (
				173F317E2501D9B000F26AE8 /* BeelineChellengeTests.swift */,
				173F31802501D9B000F26AE8 /* Info.plist */,
			);
			path = BeelineChellengeTests;
			sourceTree = "<group>";
		};
/* End PBXGroup section */

/* Begin PBXNativeTarget section */
		173F31632501D9AE00F26AE8 /* BeelineChellenge */ = {
			isa = PBXNativeTarget;
			buildConfigurationList = 173F31832501D9B000F26AE8 /* Build configuration list for PBXNativeTarget "BeelineChellenge" */;
			buildPhases = (
				173F31602501D9AE00F26AE8 /* Sources */,
				173F31612501D9AE00F26AE8 /* Frameworks */,
				173F31622501D9AE00F26AE8 /* Resources */,
			);
			buildRules = (
			);
			dependencies = (
			);
			name = BeelineChellenge;
			productName = BeelineChellenge;
			productReference = 173F31642501D9AE00F26AE8 /* BeelineChellenge.app */;
			productType = "com.apple.product-type.application";
		};
		173F31792501D9B000F26AE8 /* BeelineChellengeTests */ = {
			isa = PBXNativeTarget;
			buildConfigurationList = 173F31862501D9B000F26AE8 /* Build configuration list for PBXNativeTarget "BeelineChellengeTests" */;
			buildPhases = (
				173F31762501D9B000F26AE8 /* Sources */,
				173F31772501D9B000F26AE8 /* Frameworks */,
				173F31782501D9B000F26AE8 /* Resources */,
			);
			buildRules = (
			);
			dependencies = (
				173F317C2501D9B000F26AE8 /* PBXTargetDependency */,
			);
			name = BeelineChellengeTests;
			productName = BeelineChellengeTests;
			productReference = 173F317A2501D9B000F26AE8 /* BeelineChellengeTests.xctest */;
			productType = "com.apple.product-type.bundle.unit-test";
		};
/* End PBXNativeTarget section */

/* Begin PBXProject section */
		173F315C2501D9AE00F26AE8 /* Project object */ = {
			isa = PBXProject;
			attributes = {
				LastSwiftUpdateCheck = 1150;
				LastUpgradeCheck = 1150;
				ORGANIZATIONNAME = Hsieh;
				TargetAttributes = {
					173F31632501D9AE00F26AE8 = {
						CreatedOnToolsVersion = 11.5;
					};
					173F31792501D9B000F26AE8 = {
						CreatedOnToolsVersion = 11.5;
						TestTargetID = 173F31632501D9AE00F26AE8;
					};
				};
			};
			buildConfigurationList = 173F315F2501D9AE00F26AE8 /* Build configuration list for PBXProject "BeelineChellenge" */;
			compatibilityVersion = "Xcode 9.3";
			developmentRegion = en;
			hasScannedForEncodings = 0;
			knownRegions = (
				en,
				Base,
			);
			mainGroup = 173F315B2501D9AE00F26AE8;
			productRefGroup = 173F31652501D9AE00F26AE8 /* Products */;
			projectDirPath = "";
			projectRoot = "";
			targets = (
				173F31632501D9AE00F26AE8 /* BeelineChellenge */,
				173F31792501D9B000F26AE8 /* BeelineChellengeTests */,
			);
		};
/* End PBXProject section */

/* Begin PBXResourcesBuildPhase section */
		173F31622501D9AE00F26AE8 /* Resources */ = {
			isa = PBXResourcesBuildPhase;
			buildActionMask = 2147483647;
			files = (
				173F31742501D9B000F26AE8 /* LaunchScreen.storyboard in Resources */,
				173F31712501D9B000F26AE8 /* Assets.xcassets in Resources */,
				173F316F2501D9AE00F26AE8 /* Main.storyboard in Resources */,
			);
			runOnlyForDeploymentPostprocessing = 0;
		};
		173F31782501D9B000F26AE8 /* Resources */ = {
			isa = PBXResourcesBuildPhase;
			buildActionMask = 2147483647;
			files = (
			);
			runOnlyForDeploymentPostprocessing = 0;
		};
/* End PBXResourcesBuildPhase section */

/* Begin PBXSourcesBuildPhase section */
		173F31602501D9AE00F26AE8 /* Sources */ = {
			isa = PBXSourcesBuildPhase;
			buildActionMask = 2147483647;
			files = (
				173F316C2501D9AE00F26AE8 /* ViewController.swift in Sources */,
				173F31682501D9AE00F26AE8 /* AppDelegate.swift in Sources */,
				173F316A2501D9AE00F26AE8 /* SceneDelegate.swift in Sources */,
			);
			runOnlyForDeploymentPostprocessing = 0;
		};
		173F31762501D9B000F26AE8 /* Sources */ = {
			isa = PBXSourcesBuildPhase;
			buildActionMask = 2147483647;
			files = (
				173F317F2501D9B000F26AE8 /* BeelineChellengeTests.swift in Sources */,
			);
			runOnlyForDeploymentPostprocessing = 0;
		};
/* End PBXSourcesBuildPhase section */

/* Begin PBXTargetDependency section */
		173F317C2501D9B000F26AE8 /* PBXTargetDependency */ = {
			isa = PBXTargetDependency;
			target = 173F31632501D9AE00F26AE8 /* BeelineChellenge */;
			targetProxy = 173F317B2501D9B000F26AE8 /* PBXContainerItemProxy */;
		};
/* End PBXTargetDependency section */

/* Begin PBXVariantGroup section */
		173F316D2501D9AE00F26AE8 /* Main.storyboard */ = {
			isa = PBXVariantGroup;
			children = (
				173F316E2501D9AE00F26AE8 /* Base */,
			);
			name = Main.storyboard;
			sourceTree = "<group>";
		};
		173F31722501D9B000F26AE8 /* LaunchScreen.storyboard */ = {
			isa = PBXVariantGroup;
			children = (
				173F31732501D9B000F26AE8 /* Base */,
			);
			name = LaunchScreen.storyboard;
			sourceTree = "<group>";
		};
/* End PBXVariantGroup section */

/* Begin XCBuildConfiguration section */
		173F31812501D9B000F26AE8 /* Debug */ = {
			isa = XCBuildConfiguration;
			buildSettings = {
				ALWAYS_SEARCH_USER_PATHS = NO;
				CLANG_ANALYZER_NONNULL = YES;
				CLANG_ANALYZER_NUMBER_OBJECT_CONVERSION = YES_AGGRESSIVE;
				CLANG_CXX_LANGUAGE_STANDARD = "gnu++14";
				CLANG_CXX_LIBRARY = "libc++";
				CLANG_ENABLE_MODULES = YES;
				CLANG_ENABLE_OBJC_ARC = YES;
				CLANG_ENABLE_OBJC_WEAK = YES;
				CLANG_WARN_BLOCK_CAPTURE_AUTORELEASING = YES;
				CLANG_WARN_BOOL_CONVERSION = YES;
				CLANG_WARN_COMMA = YES;
				CLANG_WARN_CONSTANT_CONVERSION = YES;
				CLANG_WARN_DEPRECATED_OBJC_IMPLEMENTATIONS = YES;
				CLANG_WARN_DIRECT_OBJC_ISA_USAGE = YES_ERROR;
				CLANG_WARN_DOCUMENTATION_COMMENTS = YES;
				CLANG_WARN_EMPTY_BODY = YES;
				CLANG_WARN_ENUM_CONVERSION = YES;
				CLANG_WARN_INFINITE_RECURSION = YES;
				CLANG_WARN_INT_CONVERSION = YES;
				CLANG_WARN_NON_LITERAL_NULL_CONVERSION = YES;
				CLANG_WARN_OBJC_IMPLICIT_RETAIN_SELF = YES;
				CLANG_WARN_OBJC_LITERAL_CONVERSION = YES;
				CLANG_WARN_OBJC_ROOT_CLASS = YES_ERROR;
				CLANG_WARN_RANGE_LOOP_ANALYSIS = YES;
				CLANG_WARN_STRICT_PROTOTYPES = YES;
				CLANG_WARN_SUSPICIOUS_MOVE = YES;
				CLANG_WARN_UNGUARDED_AVAILABILITY = YES_AGGRESSIVE;
				CLANG_WARN_UNREACHABLE_CODE = YES;
				CLANG_WARN__DUPLICATE_METHOD_MATCH = YES;
				COPY_PHASE_STRIP = NO;
				DEBUG_INFORMATION_FORMAT = dwarf;
				ENABLE_STRICT_OBJC_MSGSEND = YES;
				ENABLE_TESTABILITY = YES;
				GCC_C_LANGUAGE_STANDARD = gnu11;
				GCC_DYNAMIC_NO_PIC = NO;
				GCC_NO_COMMON_BLOCKS = YES;
				GCC_OPTIMIZATION_LEVEL = 0;
				GCC_PREPROCESSOR_DEFINITIONS = (
					"DEBUG=1",
					"$(inherited)",
				);
				GCC_WARN_64_TO_32_BIT_CONVERSION = YES;
				GCC_WARN_ABOUT_RETURN_TYPE = YES_ERROR;
				GCC_WARN_UNDECLARED_SELECTOR = YES;
				GCC_WARN_UNINITIALIZED_AUTOS = YES_AGGRESSIVE;
				GCC_WARN_UNUSED_FUNCTION = YES;
				GCC_WARN_UNUSED_VARIABLE = YES;
				IPHONEOS_DEPLOYMENT_TARGET = 13.5;
				MTL_ENABLE_DEBUG_INFO = INCLUDE_SOURCE;
				MTL_FAST_MATH = YES;
				ONLY_ACTIVE_ARCH = YES;
				SDKROOT = iphoneos;
				SWIFT_ACTIVE_COMPILATION_CONDITIONS = DEBUG;
				SWIFT_OPTIMIZATION_LEVEL = "-Onone";
			};
			name = Debug;
		};
		173F31822501D9B000F26AE8 /* Release */ = {
			isa = XCBuildConfiguration;
			buildSettings = {
				ALWAYS_SEARCH_USER_PATHS = NO;
				CLANG_ANALYZER_NONNULL = YES;
				CLANG_ANALYZER_NUMBER_OBJECT_CONVERSION = YES_AGGRESSIVE;
				CLANG_CXX_LANGUAGE_STANDARD = "gnu++14";
				CLANG_CXX_LIBRARY = "libc++";
				CLANG_ENABLE_MODULES = YES;
				CLANG_ENABLE_OBJC_ARC = YES;
				CLANG_ENABLE_OBJC_WEAK = YES;
				CLANG_WARN_BLOCK_CAPTURE_AUTORELEASING = YES;
				CLANG_WARN_BOOL_CONVERSION = YES;
				CLANG_WARN_COMMA = YES;
				CLANG_WARN_CONSTANT_CONVERSION = YES;
				CLANG_WARN_DEPRECATED_OBJC_IMPLEMENTATIONS = YES;
				CLANG_WARN_DIRECT_OBJC_ISA_USAGE = YES_ERROR;
				CLANG_WARN_DOCUMENTATION_COMMENTS = YES;
				CLANG_WARN_EMPTY_BODY = YES;
				CLANG_WARN_ENUM_CONVERSION = YES;
				CLANG_WARN_INFINITE_RECURSION = YES;
				CLANG_WARN_INT_CONVERSION = YES;
				CLANG_WARN_NON_LITERAL_NULL_CONVERSION = YES;
				CLANG_WARN_OBJC_IMPLICIT_RETAIN_SELF = YES;
				CLANG_WARN_OBJC_LITERAL_CONVERSION = YES;
				CLANG_WARN_OBJC_ROOT_CLASS = YES_ERROR;
				CLANG_WARN_RANGE_LOOP_ANALYSIS = YES;
				CLANG_WARN_STRICT_PROTOTYPES = YES;
				CLANG_WARN_SUSPICIOUS_MOVE = YES;
				CLANG_WARN_UNGUARDED_AVAILABILITY = YES_AGGRESSIVE;
				CLANG_WARN_UNREACHABLE_CODE = YES;
				CLANG_WARN__DUPLICATE_METHOD_MATCH = YES;
				COPY_PHASE_STRIP = NO;
				DEBUG_INFORMATION_FORMAT = "dwarf-with-dsym";
				ENABLE_NS_ASSERTIONS = NO;
				ENABLE_STRICT_OBJC_MSGSEND = YES;
				GCC_C_LANGUAGE_STANDARD = gnu11;
				GCC_NO_COMMON_BLOCKS = YES;
				GCC_WARN_64_TO_32_BIT_CONVERSION = YES;
				GCC_WARN_ABOUT_RETURN_TYPE = YES_ERROR;
				GCC_WARN_UNDECLARED_SELECTOR = YES;
				GCC_WARN_UNINITIALIZED_AUTOS = YES_AGGRESSIVE;
				GCC_WARN_UNUSED_FUNCTION = YES;
				GCC_WARN_UNUSED_VARIABLE = YES;
				IPHONEOS_DEPLOYMENT_TARGET = 13.5;
				MTL_ENABLE_DEBUG_INFO = NO;
				MTL_FAST_MATH = YES;
				SDKROOT = iphoneos;
				SWIFT_COMPILATION_MODE = wholemodule;
				SWIFT_OPTIMIZATION_LEVEL = "-O";
				VALIDATE_PRODUCT = YES;
			};
			name = Release;
		};
		173F31842501D9B000F26AE8 /* Debug */ = {
			isa = XCBuildConfiguration;
			buildSettings = {
				ASSETCATALOG_COMPILER_APPICON_NAME = AppIcon;
				CODE_SIGN_STYLE = Automatic;
				INFOPLIST_FILE = BeelineChellenge/Info.plist;
				LD_RUNPATH_SEARCH_PATHS = (
					"$(inherited)",
					"@executable_path/Frameworks",
				);
				PRODUCT_BUNDLE_IDENTIFIER = com.hsieh.mr.BeelineChellenge;
				PRODUCT_NAME = "$(TARGET_NAME)";
				SWIFT_VERSION = 5.0;
				TARGETED_DEVICE_FAMILY = "1,2";
			};
			name = Debug;
		};
		173F31852501D9B000F26AE8 /* Release */ = {
			isa = XCBuildConfiguration;
			buildSettings = {
				ASSETCATALOG_COMPILER_APPICON_NAME = AppIcon;
				CODE_SIGN_STYLE = Automatic;
				INFOPLIST_FILE = BeelineChellenge/Info.plist;
				LD_RUNPATH_SEARCH_PATHS = (
					"$(inherited)",
					"@executable_path/Frameworks",
				);
				PRODUCT_BUNDLE_IDENTIFIER = com.hsieh.mr.BeelineChellenge;
				PRODUCT_NAME = "$(TARGET_NAME)";
				SWIFT_VERSION = 5.0;
				TARGETED_DEVICE_FAMILY = "1,2";
			};
			name = Release;
		};
		173F31872501D9B000F26AE8 /* Debug */ = {
			isa = XCBuildConfiguration;
			buildSettings = {
				ALWAYS_EMBED_SWIFT_STANDARD_LIBRARIES = YES;
				BUNDLE_LOADER = "$(TEST_HOST)";
				CODE_SIGN_STYLE = Automatic;
				INFOPLIST_FILE = BeelineChellengeTests/Info.plist;
				IPHONEOS_DEPLOYMENT_TARGET = 13.5;
				LD_RUNPATH_SEARCH_PATHS = (
					"$(inherited)",
					"@executable_path/Frameworks",
					"@loader_path/Frameworks",
				);
				PRODUCT_BUNDLE_IDENTIFIER = com.hsieh.mr.BeelineChellengeTests;
				PRODUCT_NAME = "$(TARGET_NAME)";
				SWIFT_VERSION = 5.0;
				TARGETED_DEVICE_FAMILY = "1,2";
				TEST_HOST = "$(BUILT_PRODUCTS_DIR)/BeelineChellenge.app/BeelineChellenge";
			};
			name = Debug;
		};
		173F31882501D9B000F26AE8 /* Release */ = {
			isa = XCBuildConfiguration;
			buildSettings = {
				ALWAYS_EMBED_SWIFT_STANDARD_LIBRARIES = YES;
				BUNDLE_LOADER = "$(TEST_HOST)";
				CODE_SIGN_STYLE = Automatic;
				INFOPLIST_FILE = BeelineChellengeTests/Info.plist;
				IPHONEOS_DEPLOYMENT_TARGET = 13.5;
				LD_RUNPATH_SEARCH_PATHS = (
					"$(inherited)",
					"@executable_path/Frameworks",
					"@loader_path/Frameworks",
				);
				PRODUCT_BUNDLE_IDENTIFIER = com.hsieh.mr.BeelineChellengeTests;
				PRODUCT_NAME = "$(TARGET_NAME)";
				SWIFT_VERSION = 5.0;
				TARGETED_DEVICE_FAMILY = "1,2";
				TEST_HOST = "$(BUILT_PRODUCTS_DIR)/BeelineChellenge.app/BeelineChellenge";
			};
			name = Release;
		};
/* End XCBuildConfiguration section */

/* Begin XCConfigurationList section */
		173F315F2501D9AE00F26AE8 /* Build configuration list for PBXProject "BeelineChellenge" */ = {
			isa = XCConfigurationList;
			buildConfigurations = (
				173F31812501D9B000F26AE8 /* Debug */,
				173F31822501D9B000F26AE8 /* Release */,
			);
			defaultConfigurationIsVisible = 0;
			defaultConfigurationName = Release;
		};
		173F31832501D9B000F26AE8 /* Build configuration list for PBXNativeTarget "BeelineChellenge" */ = {
			isa = XCConfigurationList;
			buildConfigurations = (
				173F31842501D9B000F26AE8 /* Debug */,
				173F31852501D9B000F26AE8 /* Release */,
			);
			defaultConfigurationIsVisible = 0;
			defaultConfigurationName = Release;
		};
		173F31862501D9B000F26AE8 /* Build configuration list for PBXNativeTarget "BeelineChellengeTests" */ = {
			isa = XCConfigurationList;
			buildConfigurations = (
				173F31872501D9B000F26AE8 /* Debug */,
				173F31882501D9B000F26AE8 /* Release */,
			);
			defaultConfigurationIsVisible = 0;
			defaultConfigurationName = Release;
		};
/* End XCConfigurationList section */
	};
	rootObject = 173F315C2501D9AE00F26AE8 /* Project object */;
}
